
Microsoft Visual Studio Solution File, Format Version 12.00
# Visual Studio Version 17
VisualStudioVersion = 17.2.32630.192
MinimumVisualStudioVersion = 10.0.40219.1
Project("{9A19103F-16F7-4668-BE54-9A1E7A4F7556}") = "PoshPredictiveText", "PoshPredictiveText\PoshPredictiveText.csproj", "{849E9001-88D0-40F9-B4EC-E855970B0F61}"
EndProject
Project("{9A19103F-16F7-4668-BE54-9A1E7A4F7556}") = "PoshPredictiveTextTest", "PoshPredictiveTextTest\PoshPredictiveTextTest.csproj", "{83FA08F2-47F0-4703-BAD4-FE5866824FEE}"
EndProject
Project("{2150E333-8FDC-42A3-9474-1A3956D46DE8}") = "AdditionalFiles", "AdditionalFiles", "{3D24DBAF-EC91-42DC-AF8F-D962AE583BD0}"
	ProjectSection(SolutionItems) = preProject
		CHANGELOG.md = CHANGELOG.md
		Debug-RunModule.ps1 = Debug-RunModule.ps1
		DEVELOPER.md = DEVELOPER.md
		PROGRAMMING NOTES.md = PROGRAMMING NOTES.md
		README.md = README.md
		Release-RunModule.ps1 = Release-RunModule.ps1
	EndProjectSection
EndProject
Global
	GlobalSection(SolutionConfigurationPlatforms) = preSolution
		Debug|Any CPU = Debug|Any CPU
		Release|Any CPU = Release|Any CPU
	EndGlobalSection
	GlobalSection(ProjectConfigurationPlatforms) = postSolution
		{849E9001-88D0-40F9-B4EC-E855970B0F61}.Debug|Any CPU.ActiveCfg = Debug|Any CPU
		{849E9001-88D0-40F9-B4EC-E855970B0F61}.Debug|Any CPU.Build.0 = Debug|Any CPU
		{849E9001-88D0-40F9-B4EC-E855970B0F61}.Release|Any CPU.ActiveCfg = Release|Any CPU
		{849E9001-88D0-40F9-B4EC-E855970B0F61}.Release|Any CPU.Build.0 = Release|Any CPU
		{83FA08F2-47F0-4703-BAD4-FE5866824FEE}.Debug|Any CPU.ActiveCfg = Debug|Any CPU
		{83FA08F2-47F0-4703-BAD4-FE5866824FEE}.Debug|Any CPU.Build.0 = Debug|Any CPU
		{83FA08F2-47F0-4703-BAD4-FE5866824FEE}.Release|Any CPU.ActiveCfg = Release|Any CPU
		{83FA08F2-47F0-4703-BAD4-FE5866824FEE}.Release|Any CPU.Build.0 = Release|Any CPU
	EndGlobalSection
	GlobalSection(SolutionProperties) = preSolution
		HideSolutionNode = FALSE
	EndGlobalSection
	GlobalSection(ExtensibilityGlobals) = postSolution
		SolutionGuid = {97AEDAF2-D751-47A5-9D74-54D5EADCC1FE}
	EndGlobalSection
EndGlobal
