
Microsoft Visual Studio Solution File, Format Version 12.00
# Visual Studio Version 17
VisualStudioVersion = 17.2.32630.192
MinimumVisualStudioVersion = 10.0.40219.1
Project("{9A19103F-16F7-4668-BE54-9A1E7A4F7556}") = "Resolve-Argument", "Resolve-Argument\Resolve-Argument.csproj", "{849E9001-88D0-40F9-B4EC-E855970B0F61}"
EndProject
Project("{9A19103F-16F7-4668-BE54-9A1E7A4F7556}") = "Resolve-Argument-Test", "Resolve-Argument-Test\Resolve-Argument-Test.csproj", "{83FA08F2-47F0-4703-BAD4-FE5866824FEE}"
EndProject
Global
	GlobalSection(SolutionConfigurationPlatforms) = preSolution
		Debug|Any CPU = Debug|Any CPU
		Release|Any CPU = Release|Any CPU
	EndGlobalSection
	GlobalSection(ProjectConfigurationPlatforms) = postSolution
		{849E9001-88D0-40F9-B4EC-E855970B0F61}.Debug|Any CPU.ActiveCfg = Debug|Any CPU
		{849E9001-88D0-40F9-B4EC-E855970B0F61}.Debug|Any CPU.Build.0 = Debug|Any CPU
		{849E9001-88D0-40F9-B4EC-E855970B0F61}.Release|Any CPU.ActiveCfg = Debug|Any CPU
		{849E9001-88D0-40F9-B4EC-E855970B0F61}.Release|Any CPU.Build.0 = Debug|Any CPU
		{83FA08F2-47F0-4703-BAD4-FE5866824FEE}.Debug|Any CPU.ActiveCfg = Debug|Any CPU
		{83FA08F2-47F0-4703-BAD4-FE5866824FEE}.Debug|Any CPU.Build.0 = Debug|Any CPU
		{83FA08F2-47F0-4703-BAD4-FE5866824FEE}.Release|Any CPU.ActiveCfg = Debug|Any CPU
		{83FA08F2-47F0-4703-BAD4-FE5866824FEE}.Release|Any CPU.Build.0 = Debug|Any CPU
	EndGlobalSection
	GlobalSection(SolutionProperties) = preSolution
		HideSolutionNode = FALSE
	EndGlobalSection
	GlobalSection(ExtensibilityGlobals) = postSolution
		SolutionGuid = {97AEDAF2-D751-47A5-9D74-54D5EADCC1FE}
	EndGlobalSection
EndGlobal
